{
  "name": "@agriffis/url-ponyfill",
  "version": "0.5.10.1",
  "lockfileVersion": 2,
  "requires": true,
  "packages": {
    "": {
      "name": "@agriffis/url-ponyfill",
      "version": "0.5.10.1",
      "license": "MIT",
      "devDependencies": {
        "rollup": "^0.56.5"
      }
    },
    "node_modules/rollup": {
      "version": "0.56.5",
      "resolved": "https://registry.npmjs.org/rollup/-/rollup-0.56.5.tgz",
      "integrity": "sha512-IGPk5vdWrsc4vkiW9XMeXr5QMtxmvATTttTi59w2jBQWe9G/MMQtn8teIBAj+DdK51TrpVT6P0aQUaQUlUYCJA==",
      "dev": true,
      "bin": {
        "rollup": "bin/rollup"
      }
    }
  },
  "dependencies": {
    "rollup": {
      "version": "0.56.5",
      "resolved": "https://registry.npmjs.org/rollup/-/rollup-0.56.5.tgz",
      "integrity": "sha512-IGPk5vdWrsc4vkiW9XMeXr5QMtxmvATTttTi59w2jBQWe9G/MMQtn8teIBAj+DdK51TrpVT6P0aQUaQUlUYCJA==",
      "dev": true
    }
  }
}
